
Microsoft Visual Studio Solution File, Format Version 12.00
# Visual Studio Version 17
VisualStudioVersion = 17.3.32804.467
MinimumVisualStudioVersion = 10.0.40219.1
Project("{FAE04EC0-301F-11D3-BF4B-00C04F79EFBC}") = "InstagramStorySpamPoster", "InstagramStorySpamPoster\InstagramStorySpamPoster.csproj", "{38FD2B49-EF54-44D9-BC75-F4FF9A6857D7}"
EndProject
Global
	GlobalSection(SolutionConfigurationPlatforms) = preSolution
		Debug|Any CPU = Debug|Any CPU
		Release|Any CPU = Release|Any CPU
	EndGlobalSection
	GlobalSection(ProjectConfigurationPlatforms) = postSolution
		{38FD2B49-EF54-44D9-BC75-F4FF9A6857D7}.Debug|Any CPU.ActiveCfg = Debug|Any CPU
		{38FD2B49-EF54-44D9-BC75-F4FF9A6857D7}.Debug|Any CPU.Build.0 = Debug|Any CPU
		{38FD2B49-EF54-44D9-BC75-F4FF9A6857D7}.Release|Any CPU.ActiveCfg = Release|Any CPU
		{38FD2B49-EF54-44D9-BC75-F4FF9A6857D7}.Release|Any CPU.Build.0 = Release|Any CPU
	EndGlobalSection
	GlobalSection(SolutionProperties) = preSolution
		HideSolutionNode = FALSE
	EndGlobalSection
	GlobalSection(ExtensibilityGlobals) = postSolution
		SolutionGuid = {486561B1-A0C3-47BE-8D6C-F5281CA469F9}
	EndGlobalSection
EndGlobal
